<?xml version="1.0" encoding="utf-8"?>
<Project ToolsVersion="4.0" xmlns="http://schemas.microsoft.com/developer/msbuild/2003">
  <ItemGroup>
    <Filter Include="Source">
      <UniqueIdentifier>{c481b643-ae10-4683-a5fa-7a1e2fa9ba87}</UniqueIdentifier>
    </Filter>
    <Filter Include="Headers">
      <UniqueIdentifier>{5fdb9386-fc63-45fd-b699-4ee819943731}</UniqueIdentifier>
    </Filter>
  </ItemGroup>
  <ItemGroup>
    <ClCompile Include="source\main.cpp">
      <Filter>Source</Filter>
    </ClCompile>
    <ClCompile Include="Game.cpp">
      <Filter>Source</Filter>
    </ClCompile>
    <ClCompile Include="Barricades.cpp">
      <Filter>Source</Filter>
    </ClCompile>
    <ClCompile Include="Invader.cpp">
      <Filter>Source</Filter>
    </ClCompile>
    <ClCompile Include="Laser.cpp">
      <Filter>Source</Filter>
    </ClCompile>
    <ClCompile Include="Player.cpp">
      <Filter>Source</Filter>
    </ClCompile>
    <ClCompile Include="UFO.cpp">
      <Filter>Source</Filter>
    </ClCompile>
  </ItemGroup>
  <ItemGroup>
    <ClInclude Include="Game.h">
      <Filter>Headers</Filter>
    </ClInclude>
    <ClInclude Include="Barricades.h">
      <Filter>Headers</Filter>
    </ClInclude>
    <ClInclude Include="Invader.h">
      <Filter>Headers</Filter>
    </ClInclude>
    <ClInclude Include="Laser.h">
      <Filter>Headers</Filter>
    </ClInclude>
    <ClInclude Include="Player.h">
      <Filter>Headers</Filter>
    </ClInclude>
    <ClInclude Include="UFO.h">
      <Filter>Headers</Filter>
    </ClInclude>
  </ItemGroup>
</Project>